{
  "name": "@ffmpeg/libav",
  "version": "0.0.1",
  "lockfileVersion": 2,
  "requires": true,
  "packages": {
    "": {
      "name": "@ffmpeg/libav",
      "version": "0.0.1",
      "license": "MIT",
      "dependencies": {
        "@types/node": "^18.7.8"
      }
    },
    "node_modules/@types/node": {
      "version": "18.7.8",
      "resolved": "https://registry.npmjs.org/@types/node/-/node-18.7.8.tgz",
      "integrity": "sha512-/YP55EMK2341JkODUb8DM9O0x1SIz2aBvyF33Uf1c76St3VpsMXEIW0nxuKkq/5cxnbz0RD9cfwNZHEAZQD3ag=="
    }
  },
  "dependencies": {
    "@types/node": {
      "version": "18.7.8",
      "resolved": "https://registry.npmjs.org/@types/node/-/node-18.7.8.tgz",
      "integrity": "sha512-/YP55EMK2341JkODUb8DM9O0x1SIz2aBvyF33Uf1c76St3VpsMXEIW0nxuKkq/5cxnbz0RD9cfwNZHEAZQD3ag=="
    }
  }
}
